
Microsoft Visual Studio Solution File, Format Version 12.00
# Visual Studio Version 17
VisualStudioVersion = 17.12.35527.113
MinimumVisualStudioVersion = 10.0.40219.1
Project("{FAE04EC0-301F-11D3-BF4B-00C04F79EFBC}") = "uSync", "uSync\uSync.csproj", "{D2486AC3-3A18-4579-B8D8-9C8297B05F9B}"
EndProject
Project("{FAE04EC0-301F-11D3-BF4B-00C04F79EFBC}") = "uSync.Commands", "uSync.Commands\uSync.Commands.csproj", "{5E75E63A-F7B3-4676-90B1-2C00C38B0B0D}"
EndProject
Project("{FAE04EC0-301F-11D3-BF4B-00C04F79EFBC}") = "uSync.Commands.Core", "uSync.Commands.Core\uSync.Commands.Core.csproj", "{95CC2439-8875-4AC0-A8BC-43FA2FBF00C4}"
EndProject
Project("{FAE04EC0-301F-11D3-BF4B-00C04F79EFBC}") = "Umbraco.Site", "Umbraco.Site\Umbraco.Site.csproj", "{84912B9A-488D-44B2-9A69-F636563167D7}"
EndProject
Project("{2150E333-8FDC-42A3-9474-1A3956D46DE8}") = "Tools", "Tools", "{F16E768D-036A-41BB-A9A4-08B83336138D}"
EndProject
Project("{FAE04EC0-301F-11D3-BF4B-00C04F79EFBC}") = "SwaggerClientGen", "SwaggerClientGen\SwaggerClientGen.csproj", "{B3816797-4FF9-459F-A49C-766CBBE74CA3}"
EndProject
Global
	GlobalSection(SolutionConfigurationPlatforms) = preSolution
		Debug|Any CPU = Debug|Any CPU
		Release|Any CPU = Release|Any CPU
	EndGlobalSection
	GlobalSection(ProjectConfigurationPlatforms) = postSolution
		{D2486AC3-3A18-4579-B8D8-9C8297B05F9B}.Debug|Any CPU.ActiveCfg = Debug|Any CPU
		{D2486AC3-3A18-4579-B8D8-9C8297B05F9B}.Debug|Any CPU.Build.0 = Debug|Any CPU
		{D2486AC3-3A18-4579-B8D8-9C8297B05F9B}.Release|Any CPU.ActiveCfg = Release|Any CPU
		{D2486AC3-3A18-4579-B8D8-9C8297B05F9B}.Release|Any CPU.Build.0 = Release|Any CPU
		{5E75E63A-F7B3-4676-90B1-2C00C38B0B0D}.Debug|Any CPU.ActiveCfg = Debug|Any CPU
		{5E75E63A-F7B3-4676-90B1-2C00C38B0B0D}.Debug|Any CPU.Build.0 = Debug|Any CPU
		{5E75E63A-F7B3-4676-90B1-2C00C38B0B0D}.Release|Any CPU.ActiveCfg = Release|Any CPU
		{5E75E63A-F7B3-4676-90B1-2C00C38B0B0D}.Release|Any CPU.Build.0 = Release|Any CPU
		{95CC2439-8875-4AC0-A8BC-43FA2FBF00C4}.Debug|Any CPU.ActiveCfg = Debug|Any CPU
		{95CC2439-8875-4AC0-A8BC-43FA2FBF00C4}.Debug|Any CPU.Build.0 = Debug|Any CPU
		{95CC2439-8875-4AC0-A8BC-43FA2FBF00C4}.Release|Any CPU.ActiveCfg = Release|Any CPU
		{95CC2439-8875-4AC0-A8BC-43FA2FBF00C4}.Release|Any CPU.Build.0 = Release|Any CPU
		{84912B9A-488D-44B2-9A69-F636563167D7}.Debug|Any CPU.ActiveCfg = Debug|Any CPU
		{84912B9A-488D-44B2-9A69-F636563167D7}.Debug|Any CPU.Build.0 = Debug|Any CPU
		{84912B9A-488D-44B2-9A69-F636563167D7}.Release|Any CPU.ActiveCfg = Release|Any CPU
		{84912B9A-488D-44B2-9A69-F636563167D7}.Release|Any CPU.Build.0 = Release|Any CPU
		{B3816797-4FF9-459F-A49C-766CBBE74CA3}.Debug|Any CPU.ActiveCfg = Debug|Any CPU
		{B3816797-4FF9-459F-A49C-766CBBE74CA3}.Debug|Any CPU.Build.0 = Debug|Any CPU
		{B3816797-4FF9-459F-A49C-766CBBE74CA3}.Release|Any CPU.ActiveCfg = Release|Any CPU
		{B3816797-4FF9-459F-A49C-766CBBE74CA3}.Release|Any CPU.Build.0 = Release|Any CPU
	EndGlobalSection
	GlobalSection(SolutionProperties) = preSolution
		HideSolutionNode = FALSE
	EndGlobalSection
	GlobalSection(NestedProjects) = preSolution
		{B3816797-4FF9-459F-A49C-766CBBE74CA3} = {F16E768D-036A-41BB-A9A4-08B83336138D}
	EndGlobalSection
EndGlobal
